
Microsoft Visual Studio Solution File, Format Version 12.00
# Visual Studio 2015
Project("{FAE04EC0-301F-11D3-BF4B-00C04F79EFBC}") = "UnityVS.SpatialExperiments.CSharp.Plugins", "UnityVS.SpatialExperiments.CSharp.Plugins.csproj", "{83B1404D-D61A-3A21-EA95-3BC966A6AEFF}"
EndProject
Project("{FAE04EC0-301F-11D3-BF4B-00C04F79EFBC}") = "UnityVS.SpatialExperiments.CSharp", "UnityVS.SpatialExperiments.CSharp.csproj", "{374C5D64-ED86-4309-A0AF-9B322C1C9F29}"
EndProject
Project("{FAE04EC0-301F-11D3-BF4B-00C04F79EFBC}") = "UnityVS.SpatialExperiments.CSharp.Editor", "UnityVS.SpatialExperiments.CSharp.Editor.csproj", "{727B6136-0B10-688C-1077-3EA3B9F0A1E4}"
EndProject
Global
	GlobalSection(SolutionConfigurationPlatforms) = preSolution
		Debug|Any CPU = Debug|Any CPU
		Release|Any CPU = Release|Any CPU
	EndGlobalSection
	GlobalSection(ProjectConfigurationPlatforms) = postSolution
		{83B1404D-D61A-3A21-EA95-3BC966A6AEFF}.Debug|Any CPU.ActiveCfg = Debug|Any CPU
		{83B1404D-D61A-3A21-EA95-3BC966A6AEFF}.Debug|Any CPU.Build.0 = Debug|Any CPU
		{83B1404D-D61A-3A21-EA95-3BC966A6AEFF}.Release|Any CPU.ActiveCfg = Release|Any CPU
		{83B1404D-D61A-3A21-EA95-3BC966A6AEFF}.Release|Any CPU.Build.0 = Release|Any CPU
		{374C5D64-ED86-4309-A0AF-9B322C1C9F29}.Debug|Any CPU.ActiveCfg = Debug|Any CPU
		{374C5D64-ED86-4309-A0AF-9B322C1C9F29}.Debug|Any CPU.Build.0 = Debug|Any CPU
		{374C5D64-ED86-4309-A0AF-9B322C1C9F29}.Release|Any CPU.ActiveCfg = Release|Any CPU
		{374C5D64-ED86-4309-A0AF-9B322C1C9F29}.Release|Any CPU.Build.0 = Release|Any CPU
		{727B6136-0B10-688C-1077-3EA3B9F0A1E4}.Debug|Any CPU.ActiveCfg = Debug|Any CPU
		{727B6136-0B10-688C-1077-3EA3B9F0A1E4}.Debug|Any CPU.Build.0 = Debug|Any CPU
		{727B6136-0B10-688C-1077-3EA3B9F0A1E4}.Release|Any CPU.ActiveCfg = Release|Any CPU
		{727B6136-0B10-688C-1077-3EA3B9F0A1E4}.Release|Any CPU.Build.0 = Release|Any CPU
	EndGlobalSection
	GlobalSection(SolutionProperties) = preSolution
		HideSolutionNode = FALSE
	EndGlobalSection
EndGlobal
